
Microsoft Visual Studio Solution File, Format Version 12.00
# Visual Studio Version 16
VisualStudioVersion = 16.0.31727.386
MinimumVisualStudioVersion = 10.0.40219.1
Project("{8BC9CEB8-8B4A-11D0-8D11-00A0C91BC942}") = "Q11_216page", "Q11_216page\Q11_216page.vcxproj", "{3BE78A80-6B51-48F4-A799-0C0E483A3AFE}"
EndProject
Global
	GlobalSection(SolutionConfigurationPlatforms) = preSolution
		Debug|x64 = Debug|x64
		Debug|x86 = Debug|x86
		Release|x64 = Release|x64
		Release|x86 = Release|x86
	EndGlobalSection
	GlobalSection(ProjectConfigurationPlatforms) = postSolution
		{3BE78A80-6B51-48F4-A799-0C0E483A3AFE}.Debug|x64.ActiveCfg = Debug|x64
		{3BE78A80-6B51-48F4-A799-0C0E483A3AFE}.Debug|x64.Build.0 = Debug|x64
		{3BE78A80-6B51-48F4-A799-0C0E483A3AFE}.Debug|x86.ActiveCfg = Debug|Win32
		{3BE78A80-6B51-48F4-A799-0C0E483A3AFE}.Debug|x86.Build.0 = Debug|Win32
		{3BE78A80-6B51-48F4-A799-0C0E483A3AFE}.Release|x64.ActiveCfg = Release|x64
		{3BE78A80-6B51-48F4-A799-0C0E483A3AFE}.Release|x64.Build.0 = Release|x64
		{3BE78A80-6B51-48F4-A799-0C0E483A3AFE}.Release|x86.ActiveCfg = Release|Win32
		{3BE78A80-6B51-48F4-A799-0C0E483A3AFE}.Release|x86.Build.0 = Release|Win32
	EndGlobalSection
	GlobalSection(SolutionProperties) = preSolution
		HideSolutionNode = FALSE
	EndGlobalSection
	GlobalSection(ExtensibilityGlobals) = postSolution
		SolutionGuid = {1D305F12-7FA6-427A-B108-591C31E1A226}
	EndGlobalSection
EndGlobal
