
Microsoft Visual Studio Solution File, Format Version 12.00
# Visual Studio Version 16
VisualStudioVersion = 16.0.31727.386
MinimumVisualStudioVersion = 10.0.40219.1
Project("{8BC9CEB8-8B4A-11D0-8D11-00A0C91BC942}") = "1C_2 34page", "1C_2 34page\1C_2 34page.vcxproj", "{CBF07AF9-19C8-4F6F-92AA-0A4DC883AAFC}"
EndProject
Global
	GlobalSection(SolutionConfigurationPlatforms) = preSolution
		Debug|x64 = Debug|x64
		Debug|x86 = Debug|x86
		Release|x64 = Release|x64
		Release|x86 = Release|x86
	EndGlobalSection
	GlobalSection(ProjectConfigurationPlatforms) = postSolution
		{CBF07AF9-19C8-4F6F-92AA-0A4DC883AAFC}.Debug|x64.ActiveCfg = Debug|x64
		{CBF07AF9-19C8-4F6F-92AA-0A4DC883AAFC}.Debug|x64.Build.0 = Debug|x64
		{CBF07AF9-19C8-4F6F-92AA-0A4DC883AAFC}.Debug|x86.ActiveCfg = Debug|Win32
		{CBF07AF9-19C8-4F6F-92AA-0A4DC883AAFC}.Debug|x86.Build.0 = Debug|Win32
		{CBF07AF9-19C8-4F6F-92AA-0A4DC883AAFC}.Release|x64.ActiveCfg = Release|x64
		{CBF07AF9-19C8-4F6F-92AA-0A4DC883AAFC}.Release|x64.Build.0 = Release|x64
		{CBF07AF9-19C8-4F6F-92AA-0A4DC883AAFC}.Release|x86.ActiveCfg = Release|Win32
		{CBF07AF9-19C8-4F6F-92AA-0A4DC883AAFC}.Release|x86.Build.0 = Release|Win32
	EndGlobalSection
	GlobalSection(SolutionProperties) = preSolution
		HideSolutionNode = FALSE
	EndGlobalSection
	GlobalSection(ExtensibilityGlobals) = postSolution
		SolutionGuid = {285AACBE-6818-4278-9B43-B19A978F63E4}
	EndGlobalSection
EndGlobal
