
Microsoft Visual Studio Solution File, Format Version 12.00
# Visual Studio Version 16
VisualStudioVersion = 16.0.31727.386
MinimumVisualStudioVersion = 10.0.40219.1
Project("{8BC9CEB8-8B4A-11D0-8D11-00A0C91BC942}") = "Q12_93page", "Q12_93page\Q12_93page.vcxproj", "{518D4D28-8674-4B4D-AE3E-B74B8AF2DB9D}"
EndProject
Global
	GlobalSection(SolutionConfigurationPlatforms) = preSolution
		Debug|x64 = Debug|x64
		Debug|x86 = Debug|x86
		Release|x64 = Release|x64
		Release|x86 = Release|x86
	EndGlobalSection
	GlobalSection(ProjectConfigurationPlatforms) = postSolution
		{518D4D28-8674-4B4D-AE3E-B74B8AF2DB9D}.Debug|x64.ActiveCfg = Debug|x64
		{518D4D28-8674-4B4D-AE3E-B74B8AF2DB9D}.Debug|x64.Build.0 = Debug|x64
		{518D4D28-8674-4B4D-AE3E-B74B8AF2DB9D}.Debug|x86.ActiveCfg = Debug|Win32
		{518D4D28-8674-4B4D-AE3E-B74B8AF2DB9D}.Debug|x86.Build.0 = Debug|Win32
		{518D4D28-8674-4B4D-AE3E-B74B8AF2DB9D}.Release|x64.ActiveCfg = Release|x64
		{518D4D28-8674-4B4D-AE3E-B74B8AF2DB9D}.Release|x64.Build.0 = Release|x64
		{518D4D28-8674-4B4D-AE3E-B74B8AF2DB9D}.Release|x86.ActiveCfg = Release|Win32
		{518D4D28-8674-4B4D-AE3E-B74B8AF2DB9D}.Release|x86.Build.0 = Release|Win32
	EndGlobalSection
	GlobalSection(SolutionProperties) = preSolution
		HideSolutionNode = FALSE
	EndGlobalSection
	GlobalSection(ExtensibilityGlobals) = postSolution
		SolutionGuid = {0E1846B6-9177-42C0-B17F-AE301AA5089E}
	EndGlobalSection
EndGlobal
