
Microsoft Visual Studio Solution File, Format Version 12.00
# Visual Studio Version 16
VisualStudioVersion = 16.0.31727.386
MinimumVisualStudioVersion = 10.0.40219.1
Project("{8BC9CEB8-8B4A-11D0-8D11-00A0C91BC942}") = "R1_Q3_115page", "R1_Q3_115page\R1_Q3_115page.vcxproj", "{81A80821-E8EC-4D2F-927C-B6ED2B1039D2}"
EndProject
Global
	GlobalSection(SolutionConfigurationPlatforms) = preSolution
		Debug|x64 = Debug|x64
		Debug|x86 = Debug|x86
		Release|x64 = Release|x64
		Release|x86 = Release|x86
	EndGlobalSection
	GlobalSection(ProjectConfigurationPlatforms) = postSolution
		{81A80821-E8EC-4D2F-927C-B6ED2B1039D2}.Debug|x64.ActiveCfg = Debug|x64
		{81A80821-E8EC-4D2F-927C-B6ED2B1039D2}.Debug|x64.Build.0 = Debug|x64
		{81A80821-E8EC-4D2F-927C-B6ED2B1039D2}.Debug|x86.ActiveCfg = Debug|Win32
		{81A80821-E8EC-4D2F-927C-B6ED2B1039D2}.Debug|x86.Build.0 = Debug|Win32
		{81A80821-E8EC-4D2F-927C-B6ED2B1039D2}.Release|x64.ActiveCfg = Release|x64
		{81A80821-E8EC-4D2F-927C-B6ED2B1039D2}.Release|x64.Build.0 = Release|x64
		{81A80821-E8EC-4D2F-927C-B6ED2B1039D2}.Release|x86.ActiveCfg = Release|Win32
		{81A80821-E8EC-4D2F-927C-B6ED2B1039D2}.Release|x86.Build.0 = Release|Win32
	EndGlobalSection
	GlobalSection(SolutionProperties) = preSolution
		HideSolutionNode = FALSE
	EndGlobalSection
	GlobalSection(ExtensibilityGlobals) = postSolution
		SolutionGuid = {C0227B8C-BCB2-4694-B00E-9CF708EC105A}
	EndGlobalSection
EndGlobal
