
Microsoft Visual Studio Solution File, Format Version 12.00
# Visual Studio Version 16
VisualStudioVersion = 16.0.31727.386
MinimumVisualStudioVersion = 10.0.40219.1
Project("{8BC9CEB8-8B4A-11D0-8D11-00A0C91BC942}") = "R1_4_3 140page", "R1_4_3 140page\R1_4_3 140page.vcxproj", "{3F5FD222-1B7B-4E8D-9861-B8A309D64FAC}"
EndProject
Global
	GlobalSection(SolutionConfigurationPlatforms) = preSolution
		Debug|x64 = Debug|x64
		Debug|x86 = Debug|x86
		Release|x64 = Release|x64
		Release|x86 = Release|x86
	EndGlobalSection
	GlobalSection(ProjectConfigurationPlatforms) = postSolution
		{3F5FD222-1B7B-4E8D-9861-B8A309D64FAC}.Debug|x64.ActiveCfg = Debug|x64
		{3F5FD222-1B7B-4E8D-9861-B8A309D64FAC}.Debug|x64.Build.0 = Debug|x64
		{3F5FD222-1B7B-4E8D-9861-B8A309D64FAC}.Debug|x86.ActiveCfg = Debug|Win32
		{3F5FD222-1B7B-4E8D-9861-B8A309D64FAC}.Debug|x86.Build.0 = Debug|Win32
		{3F5FD222-1B7B-4E8D-9861-B8A309D64FAC}.Release|x64.ActiveCfg = Release|x64
		{3F5FD222-1B7B-4E8D-9861-B8A309D64FAC}.Release|x64.Build.0 = Release|x64
		{3F5FD222-1B7B-4E8D-9861-B8A309D64FAC}.Release|x86.ActiveCfg = Release|Win32
		{3F5FD222-1B7B-4E8D-9861-B8A309D64FAC}.Release|x86.Build.0 = Release|Win32
	EndGlobalSection
	GlobalSection(SolutionProperties) = preSolution
		HideSolutionNode = FALSE
	EndGlobalSection
	GlobalSection(ExtensibilityGlobals) = postSolution
		SolutionGuid = {C1D55A73-FD93-4940-BD31-CD2DDFD2520E}
	EndGlobalSection
EndGlobal
