
Microsoft Visual Studio Solution File, Format Version 12.00
# Visual Studio Version 16
VisualStudioVersion = 16.0.31727.386
MinimumVisualStudioVersion = 10.0.40219.1
Project("{8BC9CEB8-8B4A-11D0-8D11-00A0C91BC942}") = "1_7 36page", "1_7 36page\1_7 36page.vcxproj", "{3AAEBC98-56FD-4C2E-BF0A-5287A1184D7A}"
EndProject
Global
	GlobalSection(SolutionConfigurationPlatforms) = preSolution
		Debug|x64 = Debug|x64
		Debug|x86 = Debug|x86
		Release|x64 = Release|x64
		Release|x86 = Release|x86
	EndGlobalSection
	GlobalSection(ProjectConfigurationPlatforms) = postSolution
		{3AAEBC98-56FD-4C2E-BF0A-5287A1184D7A}.Debug|x64.ActiveCfg = Debug|x64
		{3AAEBC98-56FD-4C2E-BF0A-5287A1184D7A}.Debug|x64.Build.0 = Debug|x64
		{3AAEBC98-56FD-4C2E-BF0A-5287A1184D7A}.Debug|x86.ActiveCfg = Debug|Win32
		{3AAEBC98-56FD-4C2E-BF0A-5287A1184D7A}.Debug|x86.Build.0 = Debug|Win32
		{3AAEBC98-56FD-4C2E-BF0A-5287A1184D7A}.Release|x64.ActiveCfg = Release|x64
		{3AAEBC98-56FD-4C2E-BF0A-5287A1184D7A}.Release|x64.Build.0 = Release|x64
		{3AAEBC98-56FD-4C2E-BF0A-5287A1184D7A}.Release|x86.ActiveCfg = Release|Win32
		{3AAEBC98-56FD-4C2E-BF0A-5287A1184D7A}.Release|x86.Build.0 = Release|Win32
	EndGlobalSection
	GlobalSection(SolutionProperties) = preSolution
		HideSolutionNode = FALSE
	EndGlobalSection
	GlobalSection(ExtensibilityGlobals) = postSolution
		SolutionGuid = {5A6E9668-C4B2-4225-BBD3-2A5384402199}
	EndGlobalSection
EndGlobal
